
Microsoft Visual Studio Solution File, Format Version 12.00
# Visual Studio Version 17
VisualStudioVersion = 17.10.34928.147
MinimumVisualStudioVersion = 10.0.40219.1
Project("{9A19103F-16F7-4668-BE54-9A1E7A4F7556}") = "Ollim.Bot", "Ollim.Bot\Ollim.Bot.csproj", "{04CB2D4D-AA1F-488A-B7F9-B198AD7BDBE7}"
EndProject
Project("{9A19103F-16F7-4668-BE54-9A1E7A4F7556}") = "Ollim.Infrastructure", "Ollim.Infrastructure\Ollim.Infrastructure.csproj", "{357BFA9A-B337-4EE1-BCF3-E93AD1A77E25}"
EndProject
Project("{E53339B2-1760-4266-BCC7-CA923CBCF16C}") = "docker-compose", "docker-compose.dcproj", "{303CD700-BA7D-44B7-8AF3-18EB5237C5DC}"
EndProject
Global
	GlobalSection(SolutionConfigurationPlatforms) = preSolution
		Debug|Any CPU = Debug|Any CPU
		Release|Any CPU = Release|Any CPU
	EndGlobalSection
	GlobalSection(ProjectConfigurationPlatforms) = postSolution
		{04CB2D4D-AA1F-488A-B7F9-B198AD7BDBE7}.Debug|Any CPU.ActiveCfg = Debug|Any CPU
		{04CB2D4D-AA1F-488A-B7F9-B198AD7BDBE7}.Debug|Any CPU.Build.0 = Debug|Any CPU
		{04CB2D4D-AA1F-488A-B7F9-B198AD7BDBE7}.Release|Any CPU.ActiveCfg = Release|Any CPU
		{04CB2D4D-AA1F-488A-B7F9-B198AD7BDBE7}.Release|Any CPU.Build.0 = Release|Any CPU
		{357BFA9A-B337-4EE1-BCF3-E93AD1A77E25}.Debug|Any CPU.ActiveCfg = Debug|Any CPU
		{357BFA9A-B337-4EE1-BCF3-E93AD1A77E25}.Debug|Any CPU.Build.0 = Debug|Any CPU
		{357BFA9A-B337-4EE1-BCF3-E93AD1A77E25}.Release|Any CPU.ActiveCfg = Release|Any CPU
		{357BFA9A-B337-4EE1-BCF3-E93AD1A77E25}.Release|Any CPU.Build.0 = Release|Any CPU
		{303CD700-BA7D-44B7-8AF3-18EB5237C5DC}.Debug|Any CPU.ActiveCfg = Debug|Any CPU
		{303CD700-BA7D-44B7-8AF3-18EB5237C5DC}.Debug|Any CPU.Build.0 = Debug|Any CPU
		{303CD700-BA7D-44B7-8AF3-18EB5237C5DC}.Release|Any CPU.ActiveCfg = Release|Any CPU
		{303CD700-BA7D-44B7-8AF3-18EB5237C5DC}.Release|Any CPU.Build.0 = Release|Any CPU
	EndGlobalSection
	GlobalSection(SolutionProperties) = preSolution
		HideSolutionNode = FALSE
	EndGlobalSection
	GlobalSection(ExtensibilityGlobals) = postSolution
		SolutionGuid = {B0E94CB3-EA90-4F51-9ED9-AA86654BFDBB}
	EndGlobalSection
EndGlobal
